dependencies:
- name: postgresql
  repository: oci://registry-1.docker.io/bitnamicharts
  version: 13.2.7
- name: common
  repository: oci://registry-1.docker.io/bitnamicharts
  version: 2.13.3
digest: sha256:17a1a73e5cba93f234028e1ad7e7e2e886ccdad999f3cd402477f3b44f5aa03d
generated: "2023-11-13T12:33:40.997596-07:00"
